
Microsoft Visual Studio Solution File, Format Version 12.00
# Visual Studio Version 17
VisualStudioVersion = 17.5.33516.290
MinimumVisualStudioVersion = 10.0.40219.1
Project("{9A19103F-16F7-4668-BE54-9A1E7A4F7556}") = "LiteSunstone.Api", "LiteSunstone\LiteSunstone.Api.csproj", "{7EFE22BF-E312-4D93-BE62-727566DEAA22}"
EndProject
Project("{9A19103F-16F7-4668-BE54-9A1E7A4F7556}") = "LiteSunstone.Domain", "LiteSunstone.Domain\LiteSunstone.Domain.csproj", "{1124A1FE-A0EF-4A2F-BFB9-6C41F0C02648}"
EndProject
Project("{9A19103F-16F7-4668-BE54-9A1E7A4F7556}") = "LiteSunstone.Persistance", "LiteSunstone.Persistance\LiteSunstone.Persistance.csproj", "{7EAE950E-6F60-48DA-A2AE-E849CB8C7A4D}"
EndProject
Project("{9A19103F-16F7-4668-BE54-9A1E7A4F7556}") = "LiteSunstone.Persistance.UnitTest", "LiteSunstone.Persistance.UnitTest\LiteSunstone.Persistance.UnitTest.csproj", "{F5F4242A-D1EB-4724-88C4-8F283B648926}"
EndProject
Project("{9A19103F-16F7-4668-BE54-9A1E7A4F7556}") = "LiteSunstone.Domain.UnitTest", "LiteSunstone.Domain.UnitTest\LiteSunstone.Domain.UnitTest.csproj", "{499CA5AF-4231-47F4-8C04-A9ACA67AD581}"
EndProject
Project("{9A19103F-16F7-4668-BE54-9A1E7A4F7556}") = "LiteSunstone.Data", "LiteSunstone.Data\LiteSunstone.Data.csproj", "{47FED4AF-C332-487A-A95B-3C20AA4D74EF}"
EndProject
Project("{2150E333-8FDC-42A3-9474-1A3956D46DE8}") = "Devops", "Devops", "{5323ED9A-2ED7-4469-A456-6A39FE8C2402}"
EndProject
Global
	GlobalSection(SolutionConfigurationPlatforms) = preSolution
		Debug|Any CPU = Debug|Any CPU
		Release|Any CPU = Release|Any CPU
	EndGlobalSection
	GlobalSection(ProjectConfigurationPlatforms) = postSolution
		{7EFE22BF-E312-4D93-BE62-727566DEAA22}.Debug|Any CPU.ActiveCfg = Debug|Any CPU
		{7EFE22BF-E312-4D93-BE62-727566DEAA22}.Debug|Any CPU.Build.0 = Debug|Any CPU
		{7EFE22BF-E312-4D93-BE62-727566DEAA22}.Release|Any CPU.ActiveCfg = Release|Any CPU
		{7EFE22BF-E312-4D93-BE62-727566DEAA22}.Release|Any CPU.Build.0 = Release|Any CPU
		{1124A1FE-A0EF-4A2F-BFB9-6C41F0C02648}.Debug|Any CPU.ActiveCfg = Debug|Any CPU
		{1124A1FE-A0EF-4A2F-BFB9-6C41F0C02648}.Debug|Any CPU.Build.0 = Debug|Any CPU
		{1124A1FE-A0EF-4A2F-BFB9-6C41F0C02648}.Release|Any CPU.ActiveCfg = Release|Any CPU
		{1124A1FE-A0EF-4A2F-BFB9-6C41F0C02648}.Release|Any CPU.Build.0 = Release|Any CPU
		{7EAE950E-6F60-48DA-A2AE-E849CB8C7A4D}.Debug|Any CPU.ActiveCfg = Debug|Any CPU
		{7EAE950E-6F60-48DA-A2AE-E849CB8C7A4D}.Debug|Any CPU.Build.0 = Debug|Any CPU
		{7EAE950E-6F60-48DA-A2AE-E849CB8C7A4D}.Release|Any CPU.ActiveCfg = Release|Any CPU
		{7EAE950E-6F60-48DA-A2AE-E849CB8C7A4D}.Release|Any CPU.Build.0 = Release|Any CPU
		{F5F4242A-D1EB-4724-88C4-8F283B648926}.Debug|Any CPU.ActiveCfg = Debug|Any CPU
		{F5F4242A-D1EB-4724-88C4-8F283B648926}.Debug|Any CPU.Build.0 = Debug|Any CPU
		{F5F4242A-D1EB-4724-88C4-8F283B648926}.Release|Any CPU.ActiveCfg = Release|Any CPU
		{F5F4242A-D1EB-4724-88C4-8F283B648926}.Release|Any CPU.Build.0 = Release|Any CPU
		{499CA5AF-4231-47F4-8C04-A9ACA67AD581}.Debug|Any CPU.ActiveCfg = Debug|Any CPU
		{499CA5AF-4231-47F4-8C04-A9ACA67AD581}.Debug|Any CPU.Build.0 = Debug|Any CPU
		{499CA5AF-4231-47F4-8C04-A9ACA67AD581}.Release|Any CPU.ActiveCfg = Release|Any CPU
		{499CA5AF-4231-47F4-8C04-A9ACA67AD581}.Release|Any CPU.Build.0 = Release|Any CPU
		{47FED4AF-C332-487A-A95B-3C20AA4D74EF}.Debug|Any CPU.ActiveCfg = Debug|Any CPU
		{47FED4AF-C332-487A-A95B-3C20AA4D74EF}.Debug|Any CPU.Build.0 = Debug|Any CPU
		{47FED4AF-C332-487A-A95B-3C20AA4D74EF}.Release|Any CPU.ActiveCfg = Release|Any CPU
		{47FED4AF-C332-487A-A95B-3C20AA4D74EF}.Release|Any CPU.Build.0 = Release|Any CPU
	EndGlobalSection
	GlobalSection(SolutionProperties) = preSolution
		HideSolutionNode = FALSE
	EndGlobalSection
	GlobalSection(ExtensibilityGlobals) = postSolution
		SolutionGuid = {7C09EE52-2E26-4089-B7D8-6A2CF16D601B}
	EndGlobalSection
EndGlobal
